
Microsoft Visual Studio Solution File, Format Version 12.00
# Visual Studio 2017
Project("{FAE04EC0-301F-11D3-BF4B-00C04F79EFBC}") = "LarkFramework", "LarkFramework.csproj", "{865D6D56-E043-F22A-3B3A-A37157182617}"
EndProject
Project("{FAE04EC0-301F-11D3-BF4B-00C04F79EFBC}") = "LarkFramework.Editor", "LarkFramework.Editor.csproj", "{F2E14B29-23D3-AD73-0549-0BB1D6BD6340}"
EndProject
Global
	GlobalSection(SolutionConfigurationPlatforms) = preSolution
		Debug|Any CPU = Debug|Any CPU
		Release|Any CPU = Release|Any CPU
	EndGlobalSection
	GlobalSection(ProjectConfigurationPlatforms) = postSolution
		{865D6D56-E043-F22A-3B3A-A37157182617}.Debug|Any CPU.ActiveCfg = Debug|Any CPU
		{865D6D56-E043-F22A-3B3A-A37157182617}.Debug|Any CPU.Build.0 = Debug|Any CPU
		{865D6D56-E043-F22A-3B3A-A37157182617}.Release|Any CPU.ActiveCfg = Release|Any CPU
		{865D6D56-E043-F22A-3B3A-A37157182617}.Release|Any CPU.Build.0 = Release|Any CPU
		{F2E14B29-23D3-AD73-0549-0BB1D6BD6340}.Debug|Any CPU.ActiveCfg = Debug|Any CPU
		{F2E14B29-23D3-AD73-0549-0BB1D6BD6340}.Debug|Any CPU.Build.0 = Debug|Any CPU
		{F2E14B29-23D3-AD73-0549-0BB1D6BD6340}.Release|Any CPU.ActiveCfg = Release|Any CPU
		{F2E14B29-23D3-AD73-0549-0BB1D6BD6340}.Release|Any CPU.Build.0 = Release|Any CPU
	EndGlobalSection
	GlobalSection(SolutionProperties) = preSolution
		HideSolutionNode = FALSE
	EndGlobalSection
EndGlobal
